
Microsoft Visual Studio Solution File, Format Version 12.00
# Visual Studio Version 17
VisualStudioVersion = 17.14.36717.8
MinimumVisualStudioVersion = 10.0.40219.1
Project("{FAE04EC0-301F-11D3-BF4B-00C04F79EFBC}") = "KindomDataAPIServer", "KindomDataAPIServer.csproj", "{B5D9D848-D8CF-4DD1-AC35-3E195D3AEFE1}"
EndProject
Global
	GlobalSection(SolutionConfigurationPlatforms) = preSolution
		Debug|Any CPU = Debug|Any CPU
		Debug|ARM64 = Debug|ARM64
		Release|Any CPU = Release|Any CPU
		Release|ARM64 = Release|ARM64
	EndGlobalSection
	GlobalSection(ProjectConfigurationPlatforms) = postSolution
		{B5D9D848-D8CF-4DD1-AC35-3E195D3AEFE1}.Debug|Any CPU.ActiveCfg = Debug|Any CPU
		{B5D9D848-D8CF-4DD1-AC35-3E195D3AEFE1}.Debug|Any CPU.Build.0 = Debug|Any CPU
		{B5D9D848-D8CF-4DD1-AC35-3E195D3AEFE1}.Debug|ARM64.ActiveCfg = Debug|Any CPU
		{B5D9D848-D8CF-4DD1-AC35-3E195D3AEFE1}.Debug|ARM64.Build.0 = Debug|Any CPU
		{B5D9D848-D8CF-4DD1-AC35-3E195D3AEFE1}.Release|Any CPU.ActiveCfg = Release|Any CPU
		{B5D9D848-D8CF-4DD1-AC35-3E195D3AEFE1}.Release|Any CPU.Build.0 = Release|Any CPU
		{B5D9D848-D8CF-4DD1-AC35-3E195D3AEFE1}.Release|ARM64.ActiveCfg = Release|ARM64
		{B5D9D848-D8CF-4DD1-AC35-3E195D3AEFE1}.Release|ARM64.Build.0 = Release|ARM64
	EndGlobalSection
	GlobalSection(SolutionProperties) = preSolution
		HideSolutionNode = FALSE
	EndGlobalSection
	GlobalSection(ExtensibilityGlobals) = postSolution
		SolutionGuid = {5B66D1CD-E4A3-41C5-B167-86A91775CE6E}
	EndGlobalSection
EndGlobal
